// !$*UTF8*$!
{
	archiveVersion = 1;
	classes = {
	};
	objectVersion = 55;
	objects = {

/* Begin PBXBuildFile section */
		944C719128F33C0900903274 /* AppDelegate.swift in Sources */ = {isa = PBXBuildFile; fileRef = 944C719028F33C0900903274 /* AppDelegate.swift */; };
		944C719328F33C0900903274 /* SceneDelegate.swift in Sources */ = {isa = PBXBuildFile; fileRef = 944C719228F33C0900903274 /* SceneDelegate.swift */; };
		944C719828F33C0900903274 /* Main.storyboard in Resources */ = {isa = PBXBuildFile; fileRef = 944C719628F33C0900903274 /* Main.storyboard */; };
		944C719A28F33C0B00903274 /* Assets.xcassets in Resources */ = {isa = PBXBuildFile; fileRef = 944C719928F33C0B00903274 /* Assets.xcassets */; };
		944C719D28F33C0B00903274 /* LaunchScreen.storyboard in Resources */ = {isa = PBXBuildFile; fileRef = 944C719B28F33C0B00903274 /* LaunchScreen.storyboard */; };
		944C71A828F33DBE00903274 /* Welcome.storyboard in Resources */ = {isa = PBXBuildFile; fileRef = 944C71A728F33DBE00903274 /* Welcome.storyboard */; };
		944C71AB28F3B07700903274 /* WelcomeViewController.swift in Sources */ = {isa = PBXBuildFile; fileRef = 944C71AA28F3B07700903274 /* WelcomeViewController.swift */; };
		944C71AD28F3BCD500903274 /* MainViewController.swift in Sources */ = {isa = PBXBuildFile; fileRef = 944C71AC28F3BCD500903274 /* MainViewController.swift */; };
		944C71AF28F3BD9F00903274 /* HomeViewController.swift in Sources */ = {isa = PBXBuildFile; fileRef = 944C71AE28F3BD9F00903274 /* HomeViewController.swift */; };
		944C71B228F3C7EA00903274 /* UIColorExtensions.swift in Sources */ = {isa = PBXBuildFile; fileRef = 944C71B128F3C7EA00903274 /* UIColorExtensions.swift */; };
		944C71B428F3F73400903274 /* RecommendedListViewCell.swift in Sources */ = {isa = PBXBuildFile; fileRef = 944C71B328F3F73400903274 /* RecommendedListViewCell.swift */; };
		944C71B828F50E9000903274 /* HomeItemViewCell.swift in Sources */ = {isa = PBXBuildFile; fileRef = 944C71B728F50E9000903274 /* HomeItemViewCell.swift */; };
		944C71C028F64A5200903274 /* RecommendedViewCell.swift in Sources */ = {isa = PBXBuildFile; fileRef = 944C71BF28F64A5200903274 /* RecommendedViewCell.swift */; };
/* End PBXBuildFile section */

/* Begin PBXFileReference section */
		944C718D28F33C0900903274 /* MedicMeditationApp.app */ = {isa = PBXFileReference; explicitFileType = wrapper.application; includeInIndex = 0; path = MedicMeditationApp.app; sourceTree = BUILT_PRODUCTS_DIR; };
		944C719028F33C0900903274 /* AppDelegate.swift */ = {isa = PBXFileReference; lastKnownFileType = sourcecode.swift; path = AppDelegate.swift; sourceTree = "<group>"; };
		944C719228F33C0900903274 /* SceneDelegate.swift */ = {isa = PBXFileReference; lastKnownFileType = sourcecode.swift; path = SceneDelegate.swift; sourceTree = "<group>"; };
		944C719728F33C0900903274 /* Base */ = {isa = PBXFileReference; lastKnownFileType = file.storyboard; name = Base; path = Base.lproj/Main.storyboard; sourceTree = "<group>"; };
		944C719928F33C0B00903274 /* Assets.xcassets */ = {isa = PBXFileReference; lastKnownFileType = folder.assetcatalog; path = Assets.xcassets; sourceTree = "<group>"; };
		944C719C28F33C0B00903274 /* Base */ = {isa = PBXFileReference; lastKnownFileType = file.storyboard; name = Base; path = Base.lproj/LaunchScreen.storyboard; sourceTree = "<group>"; };
		944C719E28F33C0B00903274 /* Info.plist */ = {isa = PBXFileReference; lastKnownFileType = text.plist.xml; path = Info.plist; sourceTree = "<group>"; };
		944C71A728F33DBE00903274 /* Welcome.storyboard */ = {isa = PBXFileReference; lastKnownFileType = file.storyboard; path = Welcome.storyboard; sourceTree = "<group>"; };
		944C71AA28F3B07700903274 /* WelcomeViewController.swift */ = {isa = PBXFileReference; lastKnownFileType = sourcecode.swift; path = WelcomeViewController.swift; sourceTree = "<group>"; };
		944C71AC28F3BCD500903274 /* MainViewController.swift */ = {isa = PBXFileReference; lastKnownFileType = sourcecode.swift; path = MainViewController.swift; sourceTree = "<group>"; };
		944C71AE28F3BD9F00903274 /* HomeViewController.swift */ = {isa = PBXFileReference; lastKnownFileType = sourcecode.swift; path = HomeViewController.swift; sourceTree = "<group>"; };
		944C71B128F3C7EA00903274 /* UIColorExtensions.swift */ = {isa = PBXFileReference; lastKnownFileType = sourcecode.swift; path = UIColorExtensions.swift; sourceTree = "<group>"; };
		944C71B328F3F73400903274 /* RecommendedListViewCell.swift */ = {isa = PBXFileReference; lastKnownFileType = sourcecode.swift; path = RecommendedListViewCell.swift; sourceTree = "<group>"; };
		944C71B728F50E9000903274 /* HomeItemViewCell.swift */ = {isa = PBXFileReference; lastKnownFileType = sourcecode.swift; path = HomeItemViewCell.swift; sourceTree = "<group>"; };
		944C71BF28F64A5200903274 /* RecommendedViewCell.swift */ = {isa = PBXFileReference; lastKnownFileType = sourcecode.swift; path = RecommendedViewCell.swift; sourceTree = "<group>"; };
/* End PBXFileReference section */

/* Begin PBXFrameworksBuildPhase section */
		944C718A28F33C0900903274 /* Frameworks */ = {
			isa = PBXFrameworksBuildPhase;
			buildActionMask = 2147483647;
			files = (
			);
			runOnlyForDeploymentPostprocessing = 0;
		};
/* End PBXFrameworksBuildPhase section */

/* Begin PBXGroup section */
		944C718428F33C0900903274 = {
			isa = PBXGroup;
			children = (
				944C718F28F33C0900903274 /* MedicMeditationApp */,
				944C718E28F33C0900903274 /* Products */,
			);
			sourceTree = "<group>";
		};
		944C718E28F33C0900903274 /* Products */ = {
			isa = PBXGroup;
			children = (
				944C718D28F33C0900903274 /* MedicMeditationApp.app */,
			);
			name = Products;
			sourceTree = "<group>";
		};
		944C718F28F33C0900903274 /* MedicMeditationApp */ = {
			isa = PBXGroup;
			children = (
				944C719028F33C0900903274 /* AppDelegate.swift */,
				944C719228F33C0900903274 /* SceneDelegate.swift */,
				944C71B028F3C7CD00903274 /* Extensions */,
				944C71A928F33E2200903274 /* Views */,
				944C71A428F33CBF00903274 /* Modules */,
				944C719928F33C0B00903274 /* Assets.xcassets */,
				944C719B28F33C0B00903274 /* LaunchScreen.storyboard */,
				944C719E28F33C0B00903274 /* Info.plist */,
			);
			path = MedicMeditationApp;
			sourceTree = "<group>";
		};
		944C71A428F33CBF00903274 /* Modules */ = {
			isa = PBXGroup;
			children = (
				944C71A528F33CD100903274 /* Main */,
				944C71A628F33D0400903274 /* Welcome */,
			);
			path = Modules;
			sourceTree = "<group>";
		};
		944C71A528F33CD100903274 /* Main */ = {
			isa = PBXGroup;
			children = (
				944C719628F33C0900903274 /* Main.storyboard */,
				944C71BF28F64A5200903274 /* RecommendedViewCell.swift */,
				944C71B328F3F73400903274 /* RecommendedListViewCell.swift */,
				944C71AC28F3BCD500903274 /* MainViewController.swift */,
				944C71AE28F3BD9F00903274 /* HomeViewController.swift */,
				944C71B728F50E9000903274 /* HomeItemViewCell.swift */,
			);
			path = Main;
			sourceTree = "<group>";
		};
		944C71A628F33D0400903274 /* Welcome */ = {
			isa = PBXGroup;
			children = (
				944C71A728F33DBE00903274 /* Welcome.storyboard */,
				944C71AA28F3B07700903274 /* WelcomeViewController.swift */,
			);
			path = Welcome;
			sourceTree = "<group>";
		};
		944C71A928F33E2200903274 /* Views */ = {
			isa = PBXGroup;
			children = (
			);
			path = Views;
			sourceTree = "<group>";
		};
		944C71B028F3C7CD00903274 /* Extensions */ = {
			isa = PBXGroup;
			children = (
				944C71B128F3C7EA00903274 /* UIColorExtensions.swift */,
			);
			path = Extensions;
			sourceTree = "<group>";
		};
/* End PBXGroup section */

/* Begin PBXNativeTarget section */
		944C718C28F33C0900903274 /* MedicMeditationApp */ = {
			isa = PBXNativeTarget;
			buildConfigurationList = 944C71A128F33C0B00903274 /* Build configuration list for PBXNativeTarget "MedicMeditationApp" */;
			buildPhases = (
				944C718928F33C0900903274 /* Sources */,
				944C718A28F33C0900903274 /* Frameworks */,
				944C718B28F33C0900903274 /* Resources */,
			);
			buildRules = (
			);
			dependencies = (
			);
			name = MedicMeditationApp;
			productName = MedicMeditationApp;
			productReference = 944C718D28F33C0900903274 /* MedicMeditationApp.app */;
			productType = "com.apple.product-type.application";
		};
/* End PBXNativeTarget section */

/* Begin PBXProject section */
		944C718528F33C0900903274 /* Project object */ = {
			isa = PBXProject;
			attributes = {
				BuildIndependentTargetsInParallel = 1;
				LastSwiftUpdateCheck = 1340;
				LastUpgradeCheck = 1340;
				TargetAttributes = {
					944C718C28F33C0900903274 = {
						CreatedOnToolsVersion = 13.4.1;
					};
				};
			};
			buildConfigurationList = 944C718828F33C0900903274 /* Build configuration list for PBXProject "MedicMeditationApp" */;
			compatibilityVersion = "Xcode 13.0";
			developmentRegion = en;
			hasScannedForEncodings = 0;
			knownRegions = (
				en,
				Base,
			);
			mainGroup = 944C718428F33C0900903274;
			productRefGroup = 944C718E28F33C0900903274 /* Products */;
			projectDirPath = "";
			projectRoot = "";
			targets = (
				944C718C28F33C0900903274 /* MedicMeditationApp */,
			);
		};
/* End PBXProject section */

/* Begin PBXResourcesBuildPhase section */
		944C718B28F33C0900903274 /* Resources */ = {
			isa = PBXResourcesBuildPhase;
			buildActionMask = 2147483647;
			files = (
				944C719D28F33C0B00903274 /* LaunchScreen.storyboard in Resources */,
				944C71A828F33DBE00903274 /* Welcome.storyboard in Resources */,
				944C719A28F33C0B00903274 /* Assets.xcassets in Resources */,
				944C719828F33C0900903274 /* Main.storyboard in Resources */,
			);
			runOnlyForDeploymentPostprocessing = 0;
		};
/* End PBXResourcesBuildPhase section */

/* Begin PBXSourcesBuildPhase section */
		944C718928F33C0900903274 /* Sources */ = {
			isa = PBXSourcesBuildPhase;
			buildActionMask = 2147483647;
			files = (
				944C71AF28F3BD9F00903274 /* HomeViewController.swift in Sources */,
				944C71C028F64A5200903274 /* RecommendedViewCell.swift in Sources */,
				944C71AB28F3B07700903274 /* WelcomeViewController.swift in Sources */,
				944C719128F33C0900903274 /* AppDelegate.swift in Sources */,
				944C71B228F3C7EA00903274 /* UIColorExtensions.swift in Sources */,
				944C719328F33C0900903274 /* SceneDelegate.swift in Sources */,
				944C71B828F50E9000903274 /* HomeItemViewCell.swift in Sources */,
				944C71AD28F3BCD500903274 /* MainViewController.swift in Sources */,
				944C71B428F3F73400903274 /* RecommendedListViewCell.swift in Sources */,
			);
			runOnlyForDeploymentPostprocessing = 0;
		};
/* End PBXSourcesBuildPhase section */

/* Begin PBXVariantGroup section */
		944C719628F33C0900903274 /* Main.storyboard */ = {
			isa = PBXVariantGroup;
			children = (
				944C719728F33C0900903274 /* Base */,
			);
			name = Main.storyboard;
			sourceTree = "<group>";
		};
		944C719B28F33C0B00903274 /* LaunchScreen.storyboard */ = {
			isa = PBXVariantGroup;
			children = (
				944C719C28F33C0B00903274 /* Base */,
			);
			name = LaunchScreen.storyboard;
			sourceTree = "<group>";
		};
/* End PBXVariantGroup section */

/* Begin XCBuildConfiguration section */
		944C719F28F33C0B00903274 /* Debug */ = {
			isa = XCBuildConfiguration;
			buildSettings = {
				ALWAYS_SEARCH_USER_PATHS = NO;
				CLANG_ANALYZER_NONNULL = YES;
				CLANG_ANALYZER_NUMBER_OBJECT_CONVERSION = YES_AGGRESSIVE;
				CLANG_CXX_LANGUAGE_STANDARD = "gnu++17";
				CLANG_ENABLE_MODULES = YES;
				CLANG_ENABLE_OBJC_ARC = YES;
				CLANG_ENABLE_OBJC_WEAK = YES;
				CLANG_WARN_BLOCK_CAPTURE_AUTORELEASING = YES;
				CLANG_WARN_BOOL_CONVERSION = YES;
				CLANG_WARN_COMMA = YES;
				CLANG_WARN_CONSTANT_CONVERSION = YES;
				CLANG_WARN_DEPRECATED_OBJC_IMPLEMENTATIONS = YES;
				CLANG_WARN_DIRECT_OBJC_ISA_USAGE = YES_ERROR;
				CLANG_WARN_DOCUMENTATION_COMMENTS = YES;
				CLANG_WARN_EMPTY_BODY = YES;
				CLANG_WARN_ENUM_CONVERSION = YES;
				CLANG_WARN_INFINITE_RECURSION = YES;
				CLANG_WARN_INT_CONVERSION = YES;
				CLANG_WARN_NON_LITERAL_NULL_CONVERSION = YES;
				CLANG_WARN_OBJC_IMPLICIT_RETAIN_SELF = YES;
				CLANG_WARN_OBJC_LITERAL_CONVERSION = YES;
				CLANG_WARN_OBJC_ROOT_CLASS = YES_ERROR;
				CLANG_WARN_QUOTED_INCLUDE_IN_FRAMEWORK_HEADER = YES;
				CLANG_WARN_RANGE_LOOP_ANALYSIS = YES;
				CLANG_WARN_STRICT_PROTOTYPES = YES;
				CLANG_WARN_SUSPICIOUS_MOVE = YES;
				CLANG_WARN_UNGUARDED_AVAILABILITY = YES_AGGRESSIVE;
				CLANG_WARN_UNREACHABLE_CODE = YES;
				CLANG_WARN__DUPLICATE_METHOD_MATCH = YES;
				COPY_PHASE_STRIP = NO;
				DEBUG_INFORMATION_FORMAT = dwarf;
				ENABLE_STRICT_OBJC_MSGSEND = YES;
				ENABLE_TESTABILITY = YES;
				GCC_C_LANGUAGE_STANDARD = gnu11;
				GCC_DYNAMIC_NO_PIC = NO;
				GCC_NO_COMMON_BLOCKS = YES;
				GCC_OPTIMIZATION_LEVEL = 0;
				GCC_PREPROCESSOR_DEFINITIONS = (
					"DEBUG=1",
					"$(inherited)",
				);
				GCC_WARN_64_TO_32_BIT_CONVERSION = YES;
				GCC_WARN_ABOUT_RETURN_TYPE = YES_ERROR;
				GCC_WARN_UNDECLARED_SELECTOR = YES;
				GCC_WARN_UNINITIALIZED_AUTOS = YES_AGGRESSIVE;
				GCC_WARN_UNUSED_FUNCTION = YES;
				GCC_WARN_UNUSED_VARIABLE = YES;
				IPHONEOS_DEPLOYMENT_TARGET = 15.5;
				MTL_ENABLE_DEBUG_INFO = INCLUDE_SOURCE;
				MTL_FAST_MATH = YES;
				ONLY_ACTIVE_ARCH = YES;
				SDKROOT = iphoneos;
				SWIFT_ACTIVE_COMPILATION_CONDITIONS = DEBUG;
				SWIFT_OPTIMIZATION_LEVEL = "-Onone";
			};
			name = Debug;
		};
		944C71A028F33C0B00903274 /* Release */ = {
			isa = XCBuildConfiguration;
			buildSettings = {
				ALWAYS_SEARCH_USER_PATHS = NO;
				CLANG_ANALYZER_NONNULL = YES;
				CLANG_ANALYZER_NUMBER_OBJECT_CONVERSION = YES_AGGRESSIVE;
				CLANG_CXX_LANGUAGE_STANDARD = "gnu++17";
				CLANG_ENABLE_MODULES = YES;
				CLANG_ENABLE_OBJC_ARC = YES;
				CLANG_ENABLE_OBJC_WEAK = YES;
				CLANG_WARN_BLOCK_CAPTURE_AUTORELEASING = YES;
				CLANG_WARN_BOOL_CONVERSION = YES;
				CLANG_WARN_COMMA = YES;
				CLANG_WARN_CONSTANT_CONVERSION = YES;
				CLANG_WARN_DEPRECATED_OBJC_IMPLEMENTATIONS = YES;
				CLANG_WARN_DIRECT_OBJC_ISA_USAGE = YES_ERROR;
				CLANG_WARN_DOCUMENTATION_COMMENTS = YES;
				CLANG_WARN_EMPTY_BODY = YES;
				CLANG_WARN_ENUM_CONVERSION = YES;
				CLANG_WARN_INFINITE_RECURSION = YES;
				CLANG_WARN_INT_CONVERSION = YES;
				CLANG_WARN_NON_LITERAL_NULL_CONVERSION = YES;
				CLANG_WARN_OBJC_IMPLICIT_RETAIN_SELF = YES;
				CLANG_WARN_OBJC_LITERAL_CONVERSION = YES;
				CLANG_WARN_OBJC_ROOT_CLASS = YES_ERROR;
				CLANG_WARN_QUOTED_INCLUDE_IN_FRAMEWORK_HEADER = YES;
				CLANG_WARN_RANGE_LOOP_ANALYSIS = YES;
				CLANG_WARN_STRICT_PROTOTYPES = YES;
				CLANG_WARN_SUSPICIOUS_MOVE = YES;
				CLANG_WARN_UNGUARDED_AVAILABILITY = YES_AGGRESSIVE;
				CLANG_WARN_UNREACHABLE_CODE = YES;
				CLANG_WARN__DUPLICATE_METHOD_MATCH = YES;
				COPY_PHASE_STRIP = NO;
				DEBUG_INFORMATION_FORMAT = "dwarf-with-dsym";
				ENABLE_NS_ASSERTIONS = NO;
				ENABLE_STRICT_OBJC_MSGSEND = YES;
				GCC_C_LANGUAGE_STANDARD = gnu11;
				GCC_NO_COMMON_BLOCKS = YES;
				GCC_WARN_64_TO_32_BIT_CONVERSION = YES;
				GCC_WARN_ABOUT_RETURN_TYPE = YES_ERROR;
				GCC_WARN_UNDECLARED_SELECTOR = YES;
				GCC_WARN_UNINITIALIZED_AUTOS = YES_AGGRESSIVE;
				GCC_WARN_UNUSED_FUNCTION = YES;
				GCC_WARN_UNUSED_VARIABLE = YES;
				IPHONEOS_DEPLOYMENT_TARGET = 15.5;
				MTL_ENABLE_DEBUG_INFO = NO;
				MTL_FAST_MATH = YES;
				SDKROOT = iphoneos;
				SWIFT_COMPILATION_MODE = wholemodule;
				SWIFT_OPTIMIZATION_LEVEL = "-O";
				VALIDATE_PRODUCT = YES;
			};
			name = Release;
		};
		944C71A228F33C0B00903274 /* Debug */ = {
			isa = XCBuildConfiguration;
			buildSettings = {
				ASSETCATALOG_COMPILER_APPICON_NAME = AppIcon;
				ASSETCATALOG_COMPILER_GLOBAL_ACCENT_COLOR_NAME = AccentColor;
				CODE_SIGN_STYLE = Automatic;
				CURRENT_PROJECT_VERSION = 1;
				DEVELOPMENT_TEAM = 59BS9RNX2H;
				GENERATE_INFOPLIST_FILE = YES;
				INFOPLIST_FILE = MedicMeditationApp/Info.plist;
				INFOPLIST_KEY_UIApplicationSupportsIndirectInputEvents = YES;
				INFOPLIST_KEY_UILaunchStoryboardName = LaunchScreen;
				INFOPLIST_KEY_UIMainStoryboardFile = Welcome;
				INFOPLIST_KEY_UISupportedInterfaceOrientations_iPad = "UIInterfaceOrientationPortrait UIInterfaceOrientationPortraitUpsideDown UIInterfaceOrientationLandscapeLeft UIInterfaceOrientationLandscapeRight";
				INFOPLIST_KEY_UISupportedInterfaceOrientations_iPhone = "UIInterfaceOrientationPortrait UIInterfaceOrientationLandscapeLeft UIInterfaceOrientationLandscapeRight";
				LD_RUNPATH_SEARCH_PATHS = (
					"$(inherited)",
					"@executable_path/Frameworks",
				);
				MARKETING_VERSION = 1.0;
				PRODUCT_BUNDLE_IDENTIFIER = com.tiaranh.MedicMeditationApp;
				PRODUCT_NAME = "$(TARGET_NAME)";
				SWIFT_EMIT_LOC_STRINGS = YES;
				SWIFT_VERSION = 5.0;
				TARGETED_DEVICE_FAMILY = 1;
			};
			name = Debug;
		};
		944C71A328F33C0B00903274 /* Release */ = {
			isa = XCBuildConfiguration;
			buildSettings = {
				ASSETCATALOG_COMPILER_APPICON_NAME = AppIcon;
				ASSETCATALOG_COMPILER_GLOBAL_ACCENT_COLOR_NAME = AccentColor;
				CODE_SIGN_STYLE = Automatic;
				CURRENT_PROJECT_VERSION = 1;
				DEVELOPMENT_TEAM = 59BS9RNX2H;
				GENERATE_INFOPLIST_FILE = YES;
				INFOPLIST_FILE = MedicMeditationApp/Info.plist;
				INFOPLIST_KEY_UIApplicationSupportsIndirectInputEvents = YES;
				INFOPLIST_KEY_UILaunchStoryboardName = LaunchScreen;
				INFOPLIST_KEY_UIMainStoryboardFile = Welcome;
				INFOPLIST_KEY_UISupportedInterfaceOrientations_iPad = "UIInterfaceOrientationPortrait UIInterfaceOrientationPortraitUpsideDown UIInterfaceOrientationLandscapeLeft UIInterfaceOrientationLandscapeRight";
				INFOPLIST_KEY_UISupportedInterfaceOrientations_iPhone = "UIInterfaceOrientationPortrait UIInterfaceOrientationLandscapeLeft UIInterfaceOrientationLandscapeRight";
				LD_RUNPATH_SEARCH_PATHS = (
					"$(inherited)",
					"@executable_path/Frameworks",
				);
				MARKETING_VERSION = 1.0;
				PRODUCT_BUNDLE_IDENTIFIER = com.tiaranh.MedicMeditationApp;
				PRODUCT_NAME = "$(TARGET_NAME)";
				SWIFT_EMIT_LOC_STRINGS = YES;
				SWIFT_VERSION = 5.0;
				TARGETED_DEVICE_FAMILY = 1;
			};
			name = Release;
		};
/* End XCBuildConfiguration section */

/* Begin XCConfigurationList section */
		944C718828F33C0900903274 /* Build configuration list for PBXProject "MedicMeditationApp" */ = {
			isa = XCConfigurationList;
			buildConfigurations = (
				944C719F28F33C0B00903274 /* Debug */,
				944C71A028F33C0B00903274 /* Release */,
			);
			defaultConfigurationIsVisible = 0;
			defaultConfigurationName = Release;
		};
		944C71A128F33C0B00903274 /* Build configuration list for PBXNativeTarget "MedicMeditationApp" */ = {
			isa = XCConfigurationList;
			buildConfigurations = (
				944C71A228F33C0B00903274 /* Debug */,
				944C71A328F33C0B00903274 /* Release */,
			);
			defaultConfigurationIsVisible = 0;
			defaultConfigurationName = Release;
		};
/* End XCConfigurationList section */
	};
	rootObject = 944C718528F33C0900903274 /* Project object */;
}
